
Microsoft Visual Studio Solution File, Format Version 12.00
# Visual Studio 15
VisualStudioVersion = 15.0.28307.329
MinimumVisualStudioVersion = 10.0.40219.1
Project("{FAE04EC0-301F-11D3-BF4B-00C04F79EFBC}") = "Deductions fiscale", "Deductions fiscale\Deductions fiscale.csproj", "{BB424800-E6BE-4C0C-8B08-CD7B56EBDB54}"
EndProject
Global
	GlobalSection(SolutionConfigurationPlatforms) = preSolution
		Debug|Any CPU = Debug|Any CPU
		Release|Any CPU = Release|Any CPU
	EndGlobalSection
	GlobalSection(ProjectConfigurationPlatforms) = postSolution
		{BB424800-E6BE-4C0C-8B08-CD7B56EBDB54}.Debug|Any CPU.ActiveCfg = Debug|Any CPU
		{BB424800-E6BE-4C0C-8B08-CD7B56EBDB54}.Debug|Any CPU.Build.0 = Debug|Any CPU
		{BB424800-E6BE-4C0C-8B08-CD7B56EBDB54}.Release|Any CPU.ActiveCfg = Release|Any CPU
		{BB424800-E6BE-4C0C-8B08-CD7B56EBDB54}.Release|Any CPU.Build.0 = Release|Any CPU
	EndGlobalSection
	GlobalSection(SolutionProperties) = preSolution
		HideSolutionNode = FALSE
	EndGlobalSection
	GlobalSection(ExtensibilityGlobals) = postSolution
		SolutionGuid = {53B0CA15-29F1-4548-AEA6-E07F17CD0856}
	EndGlobalSection
EndGlobal
