
Microsoft Visual Studio Solution File, Format Version 12.00
# Visual Studio Version 16
VisualStudioVersion = 16.0.28917.181
MinimumVisualStudioVersion = 10.0.40219.1
Project("{FAE04EC0-301F-11D3-BF4B-00C04F79EFBC}") = "Arch de noé", "Arch de noé\Arch de noé.csproj", "{8364F90C-5AE8-4DFC-AF3F-F3CFDA9A5E7D}"
EndProject
Global
	GlobalSection(SolutionConfigurationPlatforms) = preSolution
		Debug|Any CPU = Debug|Any CPU
		Release|Any CPU = Release|Any CPU
	EndGlobalSection
	GlobalSection(ProjectConfigurationPlatforms) = postSolution
		{8364F90C-5AE8-4DFC-AF3F-F3CFDA9A5E7D}.Debug|Any CPU.ActiveCfg = Debug|Any CPU
		{8364F90C-5AE8-4DFC-AF3F-F3CFDA9A5E7D}.Debug|Any CPU.Build.0 = Debug|Any CPU
		{8364F90C-5AE8-4DFC-AF3F-F3CFDA9A5E7D}.Release|Any CPU.ActiveCfg = Release|Any CPU
		{8364F90C-5AE8-4DFC-AF3F-F3CFDA9A5E7D}.Release|Any CPU.Build.0 = Release|Any CPU
	EndGlobalSection
	GlobalSection(SolutionProperties) = preSolution
		HideSolutionNode = FALSE
	EndGlobalSection
	GlobalSection(ExtensibilityGlobals) = postSolution
		SolutionGuid = {802E1E2C-8C4A-40F2-AC77-E461CF07BC55}
	EndGlobalSection
EndGlobal
