
Microsoft Visual Studio Solution File, Format Version 12.00
# Visual Studio Version 16
VisualStudioVersion = 16.0.28917.181
MinimumVisualStudioVersion = 10.0.40219.1
Project("{FAE04EC0-301F-11D3-BF4B-00C04F79EFBC}") = "pizzbis", "pizzbis\pizzbis.csproj", "{DE46B6CF-0AE6-498E-8F5C-9B7579D03F9A}"
EndProject
Global
	GlobalSection(SolutionConfigurationPlatforms) = preSolution
		Debug|Any CPU = Debug|Any CPU
		Release|Any CPU = Release|Any CPU
	EndGlobalSection
	GlobalSection(ProjectConfigurationPlatforms) = postSolution
		{DE46B6CF-0AE6-498E-8F5C-9B7579D03F9A}.Debug|Any CPU.ActiveCfg = Debug|Any CPU
		{DE46B6CF-0AE6-498E-8F5C-9B7579D03F9A}.Debug|Any CPU.Build.0 = Debug|Any CPU
		{DE46B6CF-0AE6-498E-8F5C-9B7579D03F9A}.Release|Any CPU.ActiveCfg = Release|Any CPU
		{DE46B6CF-0AE6-498E-8F5C-9B7579D03F9A}.Release|Any CPU.Build.0 = Release|Any CPU
	EndGlobalSection
	GlobalSection(SolutionProperties) = preSolution
		HideSolutionNode = FALSE
	EndGlobalSection
	GlobalSection(ExtensibilityGlobals) = postSolution
		SolutionGuid = {205B346B-65F2-4E49-854E-E62A20F4DD87}
	EndGlobalSection
EndGlobal
