
Microsoft Visual Studio Solution File, Format Version 12.00
# Visual Studio Version 16
VisualStudioVersion = 16.0.28917.181
MinimumVisualStudioVersion = 10.0.40219.1
Project("{FAE04EC0-301F-11D3-BF4B-00C04F79EFBC}") = "formative", "formative\formative.csproj", "{8C587183-156A-470D-9ED0-888FA0EE7590}"
EndProject
Global
	GlobalSection(SolutionConfigurationPlatforms) = preSolution
		Debug|Any CPU = Debug|Any CPU
		Release|Any CPU = Release|Any CPU
	EndGlobalSection
	GlobalSection(ProjectConfigurationPlatforms) = postSolution
		{8C587183-156A-470D-9ED0-888FA0EE7590}.Debug|Any CPU.ActiveCfg = Debug|Any CPU
		{8C587183-156A-470D-9ED0-888FA0EE7590}.Debug|Any CPU.Build.0 = Debug|Any CPU
		{8C587183-156A-470D-9ED0-888FA0EE7590}.Release|Any CPU.ActiveCfg = Release|Any CPU
		{8C587183-156A-470D-9ED0-888FA0EE7590}.Release|Any CPU.Build.0 = Release|Any CPU
	EndGlobalSection
	GlobalSection(SolutionProperties) = preSolution
		HideSolutionNode = FALSE
	EndGlobalSection
	GlobalSection(ExtensibilityGlobals) = postSolution
		SolutionGuid = {CFA204B7-2C34-4858-A120-8E06EA772A2F}
	EndGlobalSection
EndGlobal
