
Microsoft Visual Studio Solution File, Format Version 12.00
# Visual Studio 15
VisualStudioVersion = 15.0.28307.329
MinimumVisualStudioVersion = 10.0.40219.1
Project("{FAE04EC0-301F-11D3-BF4B-00C04F79EFBC}") = "Traban2000", "Traban2000\Traban2000.csproj", "{B890D1B0-34E5-4227-8FED-4BF02BA6B7B5}"
EndProject
Global
	GlobalSection(SolutionConfigurationPlatforms) = preSolution
		Debug|Any CPU = Debug|Any CPU
		Release|Any CPU = Release|Any CPU
	EndGlobalSection
	GlobalSection(ProjectConfigurationPlatforms) = postSolution
		{B890D1B0-34E5-4227-8FED-4BF02BA6B7B5}.Debug|Any CPU.ActiveCfg = Debug|Any CPU
		{B890D1B0-34E5-4227-8FED-4BF02BA6B7B5}.Debug|Any CPU.Build.0 = Debug|Any CPU
		{B890D1B0-34E5-4227-8FED-4BF02BA6B7B5}.Release|Any CPU.ActiveCfg = Release|Any CPU
		{B890D1B0-34E5-4227-8FED-4BF02BA6B7B5}.Release|Any CPU.Build.0 = Release|Any CPU
	EndGlobalSection
	GlobalSection(SolutionProperties) = preSolution
		HideSolutionNode = FALSE
	EndGlobalSection
	GlobalSection(ExtensibilityGlobals) = postSolution
		SolutionGuid = {55124768-1C9A-4630-BA09-502F4B41618D}
	EndGlobalSection
EndGlobal
